
Microsoft Visual Studio Solution File, Format Version 12.00
# Visual Studio Version 16
VisualStudioVersion = 16.0.30804.86
MinimumVisualStudioVersion = 10.0.40219.1
Project("{9A19103F-16F7-4668-BE54-9A1E7A4F7556}") = "KitapSitesi", "KitapSitesi.csproj", "{114FBAF3-432D-4FE7-B566-D963AE641C85}"
EndProject
Global
	GlobalSection(SolutionConfigurationPlatforms) = preSolution
		Debug|Any CPU = Debug|Any CPU
		Release|Any CPU = Release|Any CPU
	EndGlobalSection
	GlobalSection(ProjectConfigurationPlatforms) = postSolution
		{114FBAF3-432D-4FE7-B566-D963AE641C85}.Debug|Any CPU.ActiveCfg = Debug|Any CPU
		{114FBAF3-432D-4FE7-B566-D963AE641C85}.Debug|Any CPU.Build.0 = Debug|Any CPU
		{114FBAF3-432D-4FE7-B566-D963AE641C85}.Release|Any CPU.ActiveCfg = Release|Any CPU
		{114FBAF3-432D-4FE7-B566-D963AE641C85}.Release|Any CPU.Build.0 = Release|Any CPU
	EndGlobalSection
	GlobalSection(SolutionProperties) = preSolution
		HideSolutionNode = FALSE
	EndGlobalSection
	GlobalSection(ExtensibilityGlobals) = postSolution
		SolutionGuid = {CCBD7E37-670C-4CDA-8BE2-8D6E4CC5531A}
	EndGlobalSection
EndGlobal
